
Microsoft Visual Studio Solution File, Format Version 12.00
Project("{FAE04EC0-301F-11D3-BF4B-00C04F79EFBC}") = "ConsoleApp", "src\ConsoleApp\ConsoleApp.csproj", "{037C8E0E-9493-45C4-9D65-601F1796C0E2}"
EndProject
Project("{2150E333-8FDC-42A3-9474-1A3956D46DE8}") = "src", "src", "{D6D48727-983E-4DA8-A76A-66678A454134}"
EndProject
Project("{FAE04EC0-301F-11D3-BF4B-00C04F79EFBC}") = "NetLab.Tests", "tests\NetLab.Tests\NetLab.Tests.csproj", "{9AD4A893-AA8C-468A-A94E-8F9C6BEFA12A}"
EndProject
Project("{2150E333-8FDC-42A3-9474-1A3956D46DE8}") = "tests", "tests", "{136C3283-3F34-4E7A-829A-31FE25AC33E4}"
EndProject
Global
	GlobalSection(SolutionConfigurationPlatforms) = preSolution
		Debug|Any CPU = Debug|Any CPU
		Release|Any CPU = Release|Any CPU
	EndGlobalSection
	GlobalSection(ProjectConfigurationPlatforms) = postSolution
		{037C8E0E-9493-45C4-9D65-601F1796C0E2}.Debug|Any CPU.ActiveCfg = Debug|Any CPU
		{037C8E0E-9493-45C4-9D65-601F1796C0E2}.Debug|Any CPU.Build.0 = Debug|Any CPU
		{037C8E0E-9493-45C4-9D65-601F1796C0E2}.Release|Any CPU.ActiveCfg = Release|Any CPU
		{037C8E0E-9493-45C4-9D65-601F1796C0E2}.Release|Any CPU.Build.0 = Release|Any CPU
		{9AD4A893-AA8C-468A-A94E-8F9C6BEFA12A}.Debug|Any CPU.ActiveCfg = Debug|Any CPU
		{9AD4A893-AA8C-468A-A94E-8F9C6BEFA12A}.Debug|Any CPU.Build.0 = Debug|Any CPU
		{9AD4A893-AA8C-468A-A94E-8F9C6BEFA12A}.Release|Any CPU.ActiveCfg = Release|Any CPU
		{9AD4A893-AA8C-468A-A94E-8F9C6BEFA12A}.Release|Any CPU.Build.0 = Release|Any CPU
	EndGlobalSection
	GlobalSection(NestedProjects) = preSolution
		{037C8E0E-9493-45C4-9D65-601F1796C0E2} = {D6D48727-983E-4DA8-A76A-66678A454134}
		{9AD4A893-AA8C-468A-A94E-8F9C6BEFA12A} = {136C3283-3F34-4E7A-829A-31FE25AC33E4}
	EndGlobalSection
EndGlobal
